
Microsoft Visual Studio Solution File, Format Version 12.00
# Visual Studio 15
VisualStudioVersion = 15.0.27130.2027
MinimumVisualStudioVersion = 10.0.40219.1
Project("{2150E333-8FDC-42A3-9474-1A3956D46DE8}") = "04FXAPI", "04FXAPI", "{35988571-9F18-4EBD-9F6D-60F7E0A63757}"
EndProject
Project("{2150E333-8FDC-42A3-9474-1A3956D46DE8}") = "FXCM", "FXCM", "{D9C33A9F-D89B-4518-92D3-EB626E34CC7B}"
EndProject
Project("{2150E333-8FDC-42A3-9474-1A3956D46DE8}") = "OANDA", "OANDA", "{752D70A5-B6ED-48C4-ADA4-4D785F006AB5}"
EndProject
Project("{2150E333-8FDC-42A3-9474-1A3956D46DE8}") = "02共通", "02共通", "{BA2665BB-5D60-4A2E-BB85-E2B195421082}"
EndProject
Project("{2150E333-8FDC-42A3-9474-1A3956D46DE8}") = "03DB", "03DB", "{F15974F8-2D93-4257-A776-D23C4F77F493}"
EndProject
Project("{2150E333-8FDC-42A3-9474-1A3956D46DE8}") = "01Exec", "01Exec", "{C9804F9F-9554-43E8-AB4B-C79061934EE0}"
EndProject
Project("{FAE04EC0-301F-11D3-BF4B-00C04F79EFBC}") = "FXAPI共通", "04FXAPI\FXAPI共通\FXAPI共通.csproj", "{0BBD8FF8-31F1-4C20-84D9-78A042367B3D}"
EndProject
Project("{FAE04EC0-301F-11D3-BF4B-00C04F79EFBC}") = "OANDAv1", "04FXAPI\OANDA\OANDAv1\OANDAv1.csproj", "{34E3A021-4E91-4A72-95A1-8119AC9B06F3}"
EndProject
Project("{FAE04EC0-301F-11D3-BF4B-00C04F79EFBC}") = "FXCM_Test", "04FXAPI\FXCM\FXCM_Test\FXCM_Test.csproj", "{997B49F7-CCC5-4645-A28D-1B5217D6717F}"
EndProject
Project("{FAE04EC0-301F-11D3-BF4B-00C04F79EFBC}") = "FXCMv1", "04FXAPI\FXCM\FXCMv1\FXCMv1.csproj", "{701F0F07-856F-46A9-BF80-5044E583CE12}"
EndProject
Project("{FAE04EC0-301F-11D3-BF4B-00C04F79EFBC}") = "FXCMv2", "04FXAPI\FXCM\FXCMv2\FXCMv2.csproj", "{BB1EAB3E-6583-4591-AE32-F6998C4C9E89}"
EndProject
Project("{FAE04EC0-301F-11D3-BF4B-00C04F79EFBC}") = "AutoFx_Form", "01Exec\AutoFx_Form\AutoFx_Form.csproj", "{F14E449B-8DD0-449B-81C8-5C99F61967AF}"
EndProject
Project("{FAE04EC0-301F-11D3-BF4B-00C04F79EFBC}") = "Maintenance_Form", "01Exec\Maintenance_Form\Maintenance_Form.csproj", "{40EF46AD-ED02-4A5B-A3FF-130722A622B0}"
EndProject
Project("{FAE04EC0-301F-11D3-BF4B-00C04F79EFBC}") = "ProcessManager", "01Exec\ProcessManager\ProcessManager.csproj", "{261AAD8E-B7E7-41D7-9896-FD17DC4E44FB}"
EndProject
Project("{FAE04EC0-301F-11D3-BF4B-00C04F79EFBC}") = "Common", "02共通\Common\Common.csproj", "{0248FBA3-E687-4618-8187-8284ED2307EB}"
EndProject
Project("{FAE04EC0-301F-11D3-BF4B-00C04F79EFBC}") = "Common461", "02共通\Common45\Common461.csproj", "{11AF1CC1-77ED-41A5-BF9F-12C4DDAD64BD}"
EndProject
Project("{FAE04EC0-301F-11D3-BF4B-00C04F79EFBC}") = "SystemSetting", "02共通\SystemSetting\SystemSetting.csproj", "{1FB2081C-9211-4FB1-9206-3D789FD4B229}"
EndProject
Project("{FAE04EC0-301F-11D3-BF4B-00C04F79EFBC}") = "共通Data", "02共通\共通Data\共通Data.csproj", "{F9A21FE1-D3B3-4559-A6AE-C41BE0FD855D}"
EndProject
Project("{FAE04EC0-301F-11D3-BF4B-00C04F79EFBC}") = "定数", "02共通\定数\定数.csproj", "{381E37A9-B55C-4B6A-8465-0411963CBD59}"
EndProject
Project("{FAE04EC0-301F-11D3-BF4B-00C04F79EFBC}") = "DB", "03DB\DB\DB.csproj", "{FB24D56F-034C-4158-A8E2-71DAE7E2810A}"
EndProject
Project("{FAE04EC0-301F-11D3-BF4B-00C04F79EFBC}") = "DB_FXCM", "03DB\DB_FXCM\DB_FXCM.csproj", "{833EA3F7-972C-4430-AE8D-1F4869230DA7}"
EndProject
Project("{FAE04EC0-301F-11D3-BF4B-00C04F79EFBC}") = "DB_Maintenance", "03DB\DB_Maintenance\DB_Maintenance.csproj", "{1E3DA8AA-5B23-42DF-ABCF-399A97D91EB5}"
EndProject
Project("{FAE04EC0-301F-11D3-BF4B-00C04F79EFBC}") = "SwapCollect", "01Exec\SwapCollect\SwapCollect.csproj", "{374EDF1B-EB62-4B02-9515-9A4C09DFBF39}"
EndProject
Project("{FAE04EC0-301F-11D3-BF4B-00C04F79EFBC}") = "DB_SwapCollect", "03DB\DB_SwapCollect\DB_SwapCollect.csproj", "{F976D3D4-A2E4-4A69-B0EE-4E6D8880F49D}"
EndProject
Project("{FAE04EC0-301F-11D3-BF4B-00C04F79EFBC}") = "HealthCheck", "01Exec\HealthCheck\HealthCheck.csproj", "{E16458F7-0E83-4999-BBA5-2BD42E04425E}"
EndProject
Global
	GlobalSection(SolutionConfigurationPlatforms) = preSolution
		Debug|Any CPU = Debug|Any CPU
		Debug|Mixed Platforms = Debug|Mixed Platforms
		Debug|x86 = Debug|x86
		Release|Any CPU = Release|Any CPU
		Release|Mixed Platforms = Release|Mixed Platforms
		Release|x86 = Release|x86
	EndGlobalSection
	GlobalSection(ProjectConfigurationPlatforms) = postSolution
		{0BBD8FF8-31F1-4C20-84D9-78A042367B3D}.Debug|Any CPU.ActiveCfg = Debug|Any CPU
		{0BBD8FF8-31F1-4C20-84D9-78A042367B3D}.Debug|Any CPU.Build.0 = Debug|Any CPU
		{0BBD8FF8-31F1-4C20-84D9-78A042367B3D}.Debug|Mixed Platforms.ActiveCfg = Debug|Any CPU
		{0BBD8FF8-31F1-4C20-84D9-78A042367B3D}.Debug|Mixed Platforms.Build.0 = Debug|Any CPU
		{0BBD8FF8-31F1-4C20-84D9-78A042367B3D}.Debug|x86.ActiveCfg = Debug|Any CPU
		{0BBD8FF8-31F1-4C20-84D9-78A042367B3D}.Debug|x86.Build.0 = Debug|Any CPU
		{0BBD8FF8-31F1-4C20-84D9-78A042367B3D}.Release|Any CPU.ActiveCfg = Release|Any CPU
		{0BBD8FF8-31F1-4C20-84D9-78A042367B3D}.Release|Any CPU.Build.0 = Release|Any CPU
		{0BBD8FF8-31F1-4C20-84D9-78A042367B3D}.Release|Mixed Platforms.ActiveCfg = Release|Any CPU
		{0BBD8FF8-31F1-4C20-84D9-78A042367B3D}.Release|Mixed Platforms.Build.0 = Release|Any CPU
		{0BBD8FF8-31F1-4C20-84D9-78A042367B3D}.Release|x86.ActiveCfg = Release|Any CPU
		{0BBD8FF8-31F1-4C20-84D9-78A042367B3D}.Release|x86.Build.0 = Release|Any CPU
		{34E3A021-4E91-4A72-95A1-8119AC9B06F3}.Debug|Any CPU.ActiveCfg = Debug|Any CPU
		{34E3A021-4E91-4A72-95A1-8119AC9B06F3}.Debug|Any CPU.Build.0 = Debug|Any CPU
		{34E3A021-4E91-4A72-95A1-8119AC9B06F3}.Debug|Mixed Platforms.ActiveCfg = Debug|Any CPU
		{34E3A021-4E91-4A72-95A1-8119AC9B06F3}.Debug|Mixed Platforms.Build.0 = Debug|Any CPU
		{34E3A021-4E91-4A72-95A1-8119AC9B06F3}.Debug|x86.ActiveCfg = Debug|Any CPU
		{34E3A021-4E91-4A72-95A1-8119AC9B06F3}.Debug|x86.Build.0 = Debug|Any CPU
		{34E3A021-4E91-4A72-95A1-8119AC9B06F3}.Release|Any CPU.ActiveCfg = Release|Any CPU
		{34E3A021-4E91-4A72-95A1-8119AC9B06F3}.Release|Any CPU.Build.0 = Release|Any CPU
		{34E3A021-4E91-4A72-95A1-8119AC9B06F3}.Release|Mixed Platforms.ActiveCfg = Release|Any CPU
		{34E3A021-4E91-4A72-95A1-8119AC9B06F3}.Release|Mixed Platforms.Build.0 = Release|Any CPU
		{34E3A021-4E91-4A72-95A1-8119AC9B06F3}.Release|x86.ActiveCfg = Release|Any CPU
		{34E3A021-4E91-4A72-95A1-8119AC9B06F3}.Release|x86.Build.0 = Release|Any CPU
		{997B49F7-CCC5-4645-A28D-1B5217D6717F}.Debug|Any CPU.ActiveCfg = Debug|x86
		{997B49F7-CCC5-4645-A28D-1B5217D6717F}.Debug|Mixed Platforms.ActiveCfg = Debug|x86
		{997B49F7-CCC5-4645-A28D-1B5217D6717F}.Debug|Mixed Platforms.Build.0 = Debug|x86
		{997B49F7-CCC5-4645-A28D-1B5217D6717F}.Debug|x86.ActiveCfg = Debug|x86
		{997B49F7-CCC5-4645-A28D-1B5217D6717F}.Debug|x86.Build.0 = Debug|x86
		{997B49F7-CCC5-4645-A28D-1B5217D6717F}.Release|Any CPU.ActiveCfg = Release|x86
		{997B49F7-CCC5-4645-A28D-1B5217D6717F}.Release|Mixed Platforms.ActiveCfg = Release|x86
		{997B49F7-CCC5-4645-A28D-1B5217D6717F}.Release|Mixed Platforms.Build.0 = Release|x86
		{997B49F7-CCC5-4645-A28D-1B5217D6717F}.Release|x86.ActiveCfg = Release|x86
		{997B49F7-CCC5-4645-A28D-1B5217D6717F}.Release|x86.Build.0 = Release|x86
		{701F0F07-856F-46A9-BF80-5044E583CE12}.Debug|Any CPU.ActiveCfg = Debug|Any CPU
		{701F0F07-856F-46A9-BF80-5044E583CE12}.Debug|Any CPU.Build.0 = Debug|Any CPU
		{701F0F07-856F-46A9-BF80-5044E583CE12}.Debug|Mixed Platforms.ActiveCfg = Debug|Any CPU
		{701F0F07-856F-46A9-BF80-5044E583CE12}.Debug|Mixed Platforms.Build.0 = Debug|Any CPU
		{701F0F07-856F-46A9-BF80-5044E583CE12}.Debug|x86.ActiveCfg = Debug|Any CPU
		{701F0F07-856F-46A9-BF80-5044E583CE12}.Debug|x86.Build.0 = Debug|Any CPU
		{701F0F07-856F-46A9-BF80-5044E583CE12}.Release|Any CPU.ActiveCfg = Release|Any CPU
		{701F0F07-856F-46A9-BF80-5044E583CE12}.Release|Any CPU.Build.0 = Release|Any CPU
		{701F0F07-856F-46A9-BF80-5044E583CE12}.Release|Mixed Platforms.ActiveCfg = Release|Any CPU
		{701F0F07-856F-46A9-BF80-5044E583CE12}.Release|Mixed Platforms.Build.0 = Release|Any CPU
		{701F0F07-856F-46A9-BF80-5044E583CE12}.Release|x86.ActiveCfg = Release|Any CPU
		{701F0F07-856F-46A9-BF80-5044E583CE12}.Release|x86.Build.0 = Release|Any CPU
		{BB1EAB3E-6583-4591-AE32-F6998C4C9E89}.Debug|Any CPU.ActiveCfg = Debug|Any CPU
		{BB1EAB3E-6583-4591-AE32-F6998C4C9E89}.Debug|Any CPU.Build.0 = Debug|Any CPU
		{BB1EAB3E-6583-4591-AE32-F6998C4C9E89}.Debug|Mixed Platforms.ActiveCfg = Debug|Any CPU
		{BB1EAB3E-6583-4591-AE32-F6998C4C9E89}.Debug|Mixed Platforms.Build.0 = Debug|Any CPU
		{BB1EAB3E-6583-4591-AE32-F6998C4C9E89}.Debug|x86.ActiveCfg = Debug|Any CPU
		{BB1EAB3E-6583-4591-AE32-F6998C4C9E89}.Debug|x86.Build.0 = Debug|Any CPU
		{BB1EAB3E-6583-4591-AE32-F6998C4C9E89}.Release|Any CPU.ActiveCfg = Release|Any CPU
		{BB1EAB3E-6583-4591-AE32-F6998C4C9E89}.Release|Any CPU.Build.0 = Release|Any CPU
		{BB1EAB3E-6583-4591-AE32-F6998C4C9E89}.Release|Mixed Platforms.ActiveCfg = Release|Any CPU
		{BB1EAB3E-6583-4591-AE32-F6998C4C9E89}.Release|Mixed Platforms.Build.0 = Release|Any CPU
		{BB1EAB3E-6583-4591-AE32-F6998C4C9E89}.Release|x86.ActiveCfg = Release|Any CPU
		{BB1EAB3E-6583-4591-AE32-F6998C4C9E89}.Release|x86.Build.0 = Release|Any CPU
		{F14E449B-8DD0-449B-81C8-5C99F61967AF}.Debug|Any CPU.ActiveCfg = Debug|x86
		{F14E449B-8DD0-449B-81C8-5C99F61967AF}.Debug|Mixed Platforms.ActiveCfg = Debug|x86
		{F14E449B-8DD0-449B-81C8-5C99F61967AF}.Debug|Mixed Platforms.Build.0 = Debug|x86
		{F14E449B-8DD0-449B-81C8-5C99F61967AF}.Debug|x86.ActiveCfg = Debug|x86
		{F14E449B-8DD0-449B-81C8-5C99F61967AF}.Debug|x86.Build.0 = Debug|x86
		{F14E449B-8DD0-449B-81C8-5C99F61967AF}.Release|Any CPU.ActiveCfg = Release|x86
		{F14E449B-8DD0-449B-81C8-5C99F61967AF}.Release|Mixed Platforms.ActiveCfg = Release|x86
		{F14E449B-8DD0-449B-81C8-5C99F61967AF}.Release|Mixed Platforms.Build.0 = Release|x86
		{F14E449B-8DD0-449B-81C8-5C99F61967AF}.Release|x86.ActiveCfg = Release|x86
		{F14E449B-8DD0-449B-81C8-5C99F61967AF}.Release|x86.Build.0 = Release|x86
		{40EF46AD-ED02-4A5B-A3FF-130722A622B0}.Debug|Any CPU.ActiveCfg = Debug|Any CPU
		{40EF46AD-ED02-4A5B-A3FF-130722A622B0}.Debug|Any CPU.Build.0 = Debug|Any CPU
		{40EF46AD-ED02-4A5B-A3FF-130722A622B0}.Debug|Mixed Platforms.ActiveCfg = Debug|Any CPU
		{40EF46AD-ED02-4A5B-A3FF-130722A622B0}.Debug|Mixed Platforms.Build.0 = Debug|Any CPU
		{40EF46AD-ED02-4A5B-A3FF-130722A622B0}.Debug|x86.ActiveCfg = Debug|Any CPU
		{40EF46AD-ED02-4A5B-A3FF-130722A622B0}.Debug|x86.Build.0 = Debug|Any CPU
		{40EF46AD-ED02-4A5B-A3FF-130722A622B0}.Release|Any CPU.ActiveCfg = Release|Any CPU
		{40EF46AD-ED02-4A5B-A3FF-130722A622B0}.Release|Any CPU.Build.0 = Release|Any CPU
		{40EF46AD-ED02-4A5B-A3FF-130722A622B0}.Release|Mixed Platforms.ActiveCfg = Release|Any CPU
		{40EF46AD-ED02-4A5B-A3FF-130722A622B0}.Release|Mixed Platforms.Build.0 = Release|Any CPU
		{40EF46AD-ED02-4A5B-A3FF-130722A622B0}.Release|x86.ActiveCfg = Release|Any CPU
		{40EF46AD-ED02-4A5B-A3FF-130722A622B0}.Release|x86.Build.0 = Release|Any CPU
		{261AAD8E-B7E7-41D7-9896-FD17DC4E44FB}.Debug|Any CPU.ActiveCfg = Debug|Any CPU
		{261AAD8E-B7E7-41D7-9896-FD17DC4E44FB}.Debug|Any CPU.Build.0 = Debug|Any CPU
		{261AAD8E-B7E7-41D7-9896-FD17DC4E44FB}.Debug|Mixed Platforms.ActiveCfg = Debug|Any CPU
		{261AAD8E-B7E7-41D7-9896-FD17DC4E44FB}.Debug|Mixed Platforms.Build.0 = Debug|Any CPU
		{261AAD8E-B7E7-41D7-9896-FD17DC4E44FB}.Debug|x86.ActiveCfg = Debug|Any CPU
		{261AAD8E-B7E7-41D7-9896-FD17DC4E44FB}.Debug|x86.Build.0 = Debug|Any CPU
		{261AAD8E-B7E7-41D7-9896-FD17DC4E44FB}.Release|Any CPU.ActiveCfg = Release|Any CPU
		{261AAD8E-B7E7-41D7-9896-FD17DC4E44FB}.Release|Any CPU.Build.0 = Release|Any CPU
		{261AAD8E-B7E7-41D7-9896-FD17DC4E44FB}.Release|Mixed Platforms.ActiveCfg = Release|Any CPU
		{261AAD8E-B7E7-41D7-9896-FD17DC4E44FB}.Release|Mixed Platforms.Build.0 = Release|Any CPU
		{261AAD8E-B7E7-41D7-9896-FD17DC4E44FB}.Release|x86.ActiveCfg = Release|Any CPU
		{261AAD8E-B7E7-41D7-9896-FD17DC4E44FB}.Release|x86.Build.0 = Release|Any CPU
		{0248FBA3-E687-4618-8187-8284ED2307EB}.Debug|Any CPU.ActiveCfg = Debug|Any CPU
		{0248FBA3-E687-4618-8187-8284ED2307EB}.Debug|Any CPU.Build.0 = Debug|Any CPU
		{0248FBA3-E687-4618-8187-8284ED2307EB}.Debug|Mixed Platforms.ActiveCfg = Debug|Any CPU
		{0248FBA3-E687-4618-8187-8284ED2307EB}.Debug|Mixed Platforms.Build.0 = Debug|Any CPU
		{0248FBA3-E687-4618-8187-8284ED2307EB}.Debug|x86.ActiveCfg = Debug|Any CPU
		{0248FBA3-E687-4618-8187-8284ED2307EB}.Debug|x86.Build.0 = Debug|Any CPU
		{0248FBA3-E687-4618-8187-8284ED2307EB}.Release|Any CPU.ActiveCfg = Release|Any CPU
		{0248FBA3-E687-4618-8187-8284ED2307EB}.Release|Any CPU.Build.0 = Release|Any CPU
		{0248FBA3-E687-4618-8187-8284ED2307EB}.Release|Mixed Platforms.ActiveCfg = Release|Any CPU
		{0248FBA3-E687-4618-8187-8284ED2307EB}.Release|Mixed Platforms.Build.0 = Release|Any CPU
		{0248FBA3-E687-4618-8187-8284ED2307EB}.Release|x86.ActiveCfg = Release|Any CPU
		{0248FBA3-E687-4618-8187-8284ED2307EB}.Release|x86.Build.0 = Release|Any CPU
		{11AF1CC1-77ED-41A5-BF9F-12C4DDAD64BD}.Debug|Any CPU.ActiveCfg = Debug|Any CPU
		{11AF1CC1-77ED-41A5-BF9F-12C4DDAD64BD}.Debug|Any CPU.Build.0 = Debug|Any CPU
		{11AF1CC1-77ED-41A5-BF9F-12C4DDAD64BD}.Debug|Mixed Platforms.ActiveCfg = Debug|Any CPU
		{11AF1CC1-77ED-41A5-BF9F-12C4DDAD64BD}.Debug|Mixed Platforms.Build.0 = Debug|Any CPU
		{11AF1CC1-77ED-41A5-BF9F-12C4DDAD64BD}.Debug|x86.ActiveCfg = Debug|Any CPU
		{11AF1CC1-77ED-41A5-BF9F-12C4DDAD64BD}.Debug|x86.Build.0 = Debug|Any CPU
		{11AF1CC1-77ED-41A5-BF9F-12C4DDAD64BD}.Release|Any CPU.ActiveCfg = Release|Any CPU
		{11AF1CC1-77ED-41A5-BF9F-12C4DDAD64BD}.Release|Any CPU.Build.0 = Release|Any CPU
		{11AF1CC1-77ED-41A5-BF9F-12C4DDAD64BD}.Release|Mixed Platforms.ActiveCfg = Release|Any CPU
		{11AF1CC1-77ED-41A5-BF9F-12C4DDAD64BD}.Release|Mixed Platforms.Build.0 = Release|Any CPU
		{11AF1CC1-77ED-41A5-BF9F-12C4DDAD64BD}.Release|x86.ActiveCfg = Release|Any CPU
		{11AF1CC1-77ED-41A5-BF9F-12C4DDAD64BD}.Release|x86.Build.0 = Release|Any CPU
		{1FB2081C-9211-4FB1-9206-3D789FD4B229}.Debug|Any CPU.ActiveCfg = Debug|Any CPU
		{1FB2081C-9211-4FB1-9206-3D789FD4B229}.Debug|Any CPU.Build.0 = Debug|Any CPU
		{1FB2081C-9211-4FB1-9206-3D789FD4B229}.Debug|Mixed Platforms.ActiveCfg = Debug|Any CPU
		{1FB2081C-9211-4FB1-9206-3D789FD4B229}.Debug|Mixed Platforms.Build.0 = Debug|Any CPU
		{1FB2081C-9211-4FB1-9206-3D789FD4B229}.Debug|x86.ActiveCfg = Debug|Any CPU
		{1FB2081C-9211-4FB1-9206-3D789FD4B229}.Debug|x86.Build.0 = Debug|Any CPU
		{1FB2081C-9211-4FB1-9206-3D789FD4B229}.Release|Any CPU.ActiveCfg = Release|Any CPU
		{1FB2081C-9211-4FB1-9206-3D789FD4B229}.Release|Any CPU.Build.0 = Release|Any CPU
		{1FB2081C-9211-4FB1-9206-3D789FD4B229}.Release|Mixed Platforms.ActiveCfg = Release|Any CPU
		{1FB2081C-9211-4FB1-9206-3D789FD4B229}.Release|Mixed Platforms.Build.0 = Release|Any CPU
		{1FB2081C-9211-4FB1-9206-3D789FD4B229}.Release|x86.ActiveCfg = Release|Any CPU
		{1FB2081C-9211-4FB1-9206-3D789FD4B229}.Release|x86.Build.0 = Release|Any CPU
		{F9A21FE1-D3B3-4559-A6AE-C41BE0FD855D}.Debug|Any CPU.ActiveCfg = Debug|Any CPU
		{F9A21FE1-D3B3-4559-A6AE-C41BE0FD855D}.Debug|Any CPU.Build.0 = Debug|Any CPU
		{F9A21FE1-D3B3-4559-A6AE-C41BE0FD855D}.Debug|Mixed Platforms.ActiveCfg = Debug|Any CPU
		{F9A21FE1-D3B3-4559-A6AE-C41BE0FD855D}.Debug|Mixed Platforms.Build.0 = Debug|Any CPU
		{F9A21FE1-D3B3-4559-A6AE-C41BE0FD855D}.Debug|x86.ActiveCfg = Debug|Any CPU
		{F9A21FE1-D3B3-4559-A6AE-C41BE0FD855D}.Debug|x86.Build.0 = Debug|Any CPU
		{F9A21FE1-D3B3-4559-A6AE-C41BE0FD855D}.Release|Any CPU.ActiveCfg = Release|Any CPU
		{F9A21FE1-D3B3-4559-A6AE-C41BE0FD855D}.Release|Any CPU.Build.0 = Release|Any CPU
		{F9A21FE1-D3B3-4559-A6AE-C41BE0FD855D}.Release|Mixed Platforms.ActiveCfg = Release|Any CPU
		{F9A21FE1-D3B3-4559-A6AE-C41BE0FD855D}.Release|Mixed Platforms.Build.0 = Release|Any CPU
		{F9A21FE1-D3B3-4559-A6AE-C41BE0FD855D}.Release|x86.ActiveCfg = Release|Any CPU
		{F9A21FE1-D3B3-4559-A6AE-C41BE0FD855D}.Release|x86.Build.0 = Release|Any CPU
		{381E37A9-B55C-4B6A-8465-0411963CBD59}.Debug|Any CPU.ActiveCfg = Debug|Any CPU
		{381E37A9-B55C-4B6A-8465-0411963CBD59}.Debug|Any CPU.Build.0 = Debug|Any CPU
		{381E37A9-B55C-4B6A-8465-0411963CBD59}.Debug|Mixed Platforms.ActiveCfg = Debug|Any CPU
		{381E37A9-B55C-4B6A-8465-0411963CBD59}.Debug|Mixed Platforms.Build.0 = Debug|Any CPU
		{381E37A9-B55C-4B6A-8465-0411963CBD59}.Debug|x86.ActiveCfg = Debug|Any CPU
		{381E37A9-B55C-4B6A-8465-0411963CBD59}.Debug|x86.Build.0 = Debug|Any CPU
		{381E37A9-B55C-4B6A-8465-0411963CBD59}.Release|Any CPU.ActiveCfg = Release|Any CPU
		{381E37A9-B55C-4B6A-8465-0411963CBD59}.Release|Any CPU.Build.0 = Release|Any CPU
		{381E37A9-B55C-4B6A-8465-0411963CBD59}.Release|Mixed Platforms.ActiveCfg = Release|Any CPU
		{381E37A9-B55C-4B6A-8465-0411963CBD59}.Release|Mixed Platforms.Build.0 = Release|Any CPU
		{381E37A9-B55C-4B6A-8465-0411963CBD59}.Release|x86.ActiveCfg = Release|Any CPU
		{381E37A9-B55C-4B6A-8465-0411963CBD59}.Release|x86.Build.0 = Release|Any CPU
		{FB24D56F-034C-4158-A8E2-71DAE7E2810A}.Debug|Any CPU.ActiveCfg = Debug|Any CPU
		{FB24D56F-034C-4158-A8E2-71DAE7E2810A}.Debug|Any CPU.Build.0 = Debug|Any CPU
		{FB24D56F-034C-4158-A8E2-71DAE7E2810A}.Debug|Mixed Platforms.ActiveCfg = Debug|Any CPU
		{FB24D56F-034C-4158-A8E2-71DAE7E2810A}.Debug|Mixed Platforms.Build.0 = Debug|Any CPU
		{FB24D56F-034C-4158-A8E2-71DAE7E2810A}.Debug|x86.ActiveCfg = Debug|Any CPU
		{FB24D56F-034C-4158-A8E2-71DAE7E2810A}.Debug|x86.Build.0 = Debug|Any CPU
		{FB24D56F-034C-4158-A8E2-71DAE7E2810A}.Release|Any CPU.ActiveCfg = Release|Any CPU
		{FB24D56F-034C-4158-A8E2-71DAE7E2810A}.Release|Any CPU.Build.0 = Release|Any CPU
		{FB24D56F-034C-4158-A8E2-71DAE7E2810A}.Release|Mixed Platforms.ActiveCfg = Release|Any CPU
		{FB24D56F-034C-4158-A8E2-71DAE7E2810A}.Release|Mixed Platforms.Build.0 = Release|Any CPU
		{FB24D56F-034C-4158-A8E2-71DAE7E2810A}.Release|x86.ActiveCfg = Release|Any CPU
		{FB24D56F-034C-4158-A8E2-71DAE7E2810A}.Release|x86.Build.0 = Release|Any CPU
		{833EA3F7-972C-4430-AE8D-1F4869230DA7}.Debug|Any CPU.ActiveCfg = Debug|Any CPU
		{833EA3F7-972C-4430-AE8D-1F4869230DA7}.Debug|Any CPU.Build.0 = Debug|Any CPU
		{833EA3F7-972C-4430-AE8D-1F4869230DA7}.Debug|Mixed Platforms.ActiveCfg = Debug|Any CPU
		{833EA3F7-972C-4430-AE8D-1F4869230DA7}.Debug|Mixed Platforms.Build.0 = Debug|Any CPU
		{833EA3F7-972C-4430-AE8D-1F4869230DA7}.Debug|x86.ActiveCfg = Debug|Any CPU
		{833EA3F7-972C-4430-AE8D-1F4869230DA7}.Debug|x86.Build.0 = Debug|Any CPU
		{833EA3F7-972C-4430-AE8D-1F4869230DA7}.Release|Any CPU.ActiveCfg = Release|Any CPU
		{833EA3F7-972C-4430-AE8D-1F4869230DA7}.Release|Any CPU.Build.0 = Release|Any CPU
		{833EA3F7-972C-4430-AE8D-1F4869230DA7}.Release|Mixed Platforms.ActiveCfg = Release|Any CPU
		{833EA3F7-972C-4430-AE8D-1F4869230DA7}.Release|Mixed Platforms.Build.0 = Release|Any CPU
		{833EA3F7-972C-4430-AE8D-1F4869230DA7}.Release|x86.ActiveCfg = Release|Any CPU
		{833EA3F7-972C-4430-AE8D-1F4869230DA7}.Release|x86.Build.0 = Release|Any CPU
		{1E3DA8AA-5B23-42DF-ABCF-399A97D91EB5}.Debug|Any CPU.ActiveCfg = Debug|Any CPU
		{1E3DA8AA-5B23-42DF-ABCF-399A97D91EB5}.Debug|Any CPU.Build.0 = Debug|Any CPU
		{1E3DA8AA-5B23-42DF-ABCF-399A97D91EB5}.Debug|Mixed Platforms.ActiveCfg = Debug|Any CPU
		{1E3DA8AA-5B23-42DF-ABCF-399A97D91EB5}.Debug|Mixed Platforms.Build.0 = Debug|Any CPU
		{1E3DA8AA-5B23-42DF-ABCF-399A97D91EB5}.Debug|x86.ActiveCfg = Debug|Any CPU
		{1E3DA8AA-5B23-42DF-ABCF-399A97D91EB5}.Debug|x86.Build.0 = Debug|Any CPU
		{1E3DA8AA-5B23-42DF-ABCF-399A97D91EB5}.Release|Any CPU.ActiveCfg = Release|Any CPU
		{1E3DA8AA-5B23-42DF-ABCF-399A97D91EB5}.Release|Any CPU.Build.0 = Release|Any CPU
		{1E3DA8AA-5B23-42DF-ABCF-399A97D91EB5}.Release|Mixed Platforms.ActiveCfg = Release|Any CPU
		{1E3DA8AA-5B23-42DF-ABCF-399A97D91EB5}.Release|Mixed Platforms.Build.0 = Release|Any CPU
		{1E3DA8AA-5B23-42DF-ABCF-399A97D91EB5}.Release|x86.ActiveCfg = Release|Any CPU
		{1E3DA8AA-5B23-42DF-ABCF-399A97D91EB5}.Release|x86.Build.0 = Release|Any CPU
		{374EDF1B-EB62-4B02-9515-9A4C09DFBF39}.Debug|Any CPU.ActiveCfg = Debug|Any CPU
		{374EDF1B-EB62-4B02-9515-9A4C09DFBF39}.Debug|Any CPU.Build.0 = Debug|Any CPU
		{374EDF1B-EB62-4B02-9515-9A4C09DFBF39}.Debug|Mixed Platforms.ActiveCfg = Debug|Any CPU
		{374EDF1B-EB62-4B02-9515-9A4C09DFBF39}.Debug|Mixed Platforms.Build.0 = Debug|Any CPU
		{374EDF1B-EB62-4B02-9515-9A4C09DFBF39}.Debug|x86.ActiveCfg = Debug|Any CPU
		{374EDF1B-EB62-4B02-9515-9A4C09DFBF39}.Debug|x86.Build.0 = Debug|Any CPU
		{374EDF1B-EB62-4B02-9515-9A4C09DFBF39}.Release|Any CPU.ActiveCfg = Release|Any CPU
		{374EDF1B-EB62-4B02-9515-9A4C09DFBF39}.Release|Any CPU.Build.0 = Release|Any CPU
		{374EDF1B-EB62-4B02-9515-9A4C09DFBF39}.Release|Mixed Platforms.ActiveCfg = Release|Any CPU
		{374EDF1B-EB62-4B02-9515-9A4C09DFBF39}.Release|Mixed Platforms.Build.0 = Release|Any CPU
		{374EDF1B-EB62-4B02-9515-9A4C09DFBF39}.Release|x86.ActiveCfg = Release|Any CPU
		{374EDF1B-EB62-4B02-9515-9A4C09DFBF39}.Release|x86.Build.0 = Release|Any CPU
		{F976D3D4-A2E4-4A69-B0EE-4E6D8880F49D}.Debug|Any CPU.ActiveCfg = Debug|Any CPU
		{F976D3D4-A2E4-4A69-B0EE-4E6D8880F49D}.Debug|Any CPU.Build.0 = Debug|Any CPU
		{F976D3D4-A2E4-4A69-B0EE-4E6D8880F49D}.Debug|Mixed Platforms.ActiveCfg = Debug|Any CPU
		{F976D3D4-A2E4-4A69-B0EE-4E6D8880F49D}.Debug|Mixed Platforms.Build.0 = Debug|Any CPU
		{F976D3D4-A2E4-4A69-B0EE-4E6D8880F49D}.Debug|x86.ActiveCfg = Debug|Any CPU
		{F976D3D4-A2E4-4A69-B0EE-4E6D8880F49D}.Debug|x86.Build.0 = Debug|Any CPU
		{F976D3D4-A2E4-4A69-B0EE-4E6D8880F49D}.Release|Any CPU.ActiveCfg = Release|Any CPU
		{F976D3D4-A2E4-4A69-B0EE-4E6D8880F49D}.Release|Any CPU.Build.0 = Release|Any CPU
		{F976D3D4-A2E4-4A69-B0EE-4E6D8880F49D}.Release|Mixed Platforms.ActiveCfg = Release|Any CPU
		{F976D3D4-A2E4-4A69-B0EE-4E6D8880F49D}.Release|Mixed Platforms.Build.0 = Release|Any CPU
		{F976D3D4-A2E4-4A69-B0EE-4E6D8880F49D}.Release|x86.ActiveCfg = Release|Any CPU
		{F976D3D4-A2E4-4A69-B0EE-4E6D8880F49D}.Release|x86.Build.0 = Release|Any CPU
		{E16458F7-0E83-4999-BBA5-2BD42E04425E}.Debug|Any CPU.ActiveCfg = Debug|Any CPU
		{E16458F7-0E83-4999-BBA5-2BD42E04425E}.Debug|Any CPU.Build.0 = Debug|Any CPU
		{E16458F7-0E83-4999-BBA5-2BD42E04425E}.Debug|Mixed Platforms.ActiveCfg = Debug|Any CPU
		{E16458F7-0E83-4999-BBA5-2BD42E04425E}.Debug|Mixed Platforms.Build.0 = Debug|Any CPU
		{E16458F7-0E83-4999-BBA5-2BD42E04425E}.Debug|x86.ActiveCfg = Debug|Any CPU
		{E16458F7-0E83-4999-BBA5-2BD42E04425E}.Debug|x86.Build.0 = Debug|Any CPU
		{E16458F7-0E83-4999-BBA5-2BD42E04425E}.Release|Any CPU.ActiveCfg = Release|Any CPU
		{E16458F7-0E83-4999-BBA5-2BD42E04425E}.Release|Any CPU.Build.0 = Release|Any CPU
		{E16458F7-0E83-4999-BBA5-2BD42E04425E}.Release|Mixed Platforms.ActiveCfg = Release|Any CPU
		{E16458F7-0E83-4999-BBA5-2BD42E04425E}.Release|Mixed Platforms.Build.0 = Release|Any CPU
		{E16458F7-0E83-4999-BBA5-2BD42E04425E}.Release|x86.ActiveCfg = Release|Any CPU
		{E16458F7-0E83-4999-BBA5-2BD42E04425E}.Release|x86.Build.0 = Release|Any CPU
	EndGlobalSection
	GlobalSection(SolutionProperties) = preSolution
		HideSolutionNode = FALSE
	EndGlobalSection
	GlobalSection(NestedProjects) = preSolution
		{D9C33A9F-D89B-4518-92D3-EB626E34CC7B} = {35988571-9F18-4EBD-9F6D-60F7E0A63757}
		{752D70A5-B6ED-48C4-ADA4-4D785F006AB5} = {35988571-9F18-4EBD-9F6D-60F7E0A63757}
		{0BBD8FF8-31F1-4C20-84D9-78A042367B3D} = {35988571-9F18-4EBD-9F6D-60F7E0A63757}
		{34E3A021-4E91-4A72-95A1-8119AC9B06F3} = {752D70A5-B6ED-48C4-ADA4-4D785F006AB5}
		{997B49F7-CCC5-4645-A28D-1B5217D6717F} = {D9C33A9F-D89B-4518-92D3-EB626E34CC7B}
		{701F0F07-856F-46A9-BF80-5044E583CE12} = {D9C33A9F-D89B-4518-92D3-EB626E34CC7B}
		{BB1EAB3E-6583-4591-AE32-F6998C4C9E89} = {D9C33A9F-D89B-4518-92D3-EB626E34CC7B}
		{F14E449B-8DD0-449B-81C8-5C99F61967AF} = {C9804F9F-9554-43E8-AB4B-C79061934EE0}
		{40EF46AD-ED02-4A5B-A3FF-130722A622B0} = {C9804F9F-9554-43E8-AB4B-C79061934EE0}
		{261AAD8E-B7E7-41D7-9896-FD17DC4E44FB} = {C9804F9F-9554-43E8-AB4B-C79061934EE0}
		{0248FBA3-E687-4618-8187-8284ED2307EB} = {BA2665BB-5D60-4A2E-BB85-E2B195421082}
		{11AF1CC1-77ED-41A5-BF9F-12C4DDAD64BD} = {BA2665BB-5D60-4A2E-BB85-E2B195421082}
		{1FB2081C-9211-4FB1-9206-3D789FD4B229} = {BA2665BB-5D60-4A2E-BB85-E2B195421082}
		{F9A21FE1-D3B3-4559-A6AE-C41BE0FD855D} = {BA2665BB-5D60-4A2E-BB85-E2B195421082}
		{381E37A9-B55C-4B6A-8465-0411963CBD59} = {BA2665BB-5D60-4A2E-BB85-E2B195421082}
		{FB24D56F-034C-4158-A8E2-71DAE7E2810A} = {F15974F8-2D93-4257-A776-D23C4F77F493}
		{833EA3F7-972C-4430-AE8D-1F4869230DA7} = {F15974F8-2D93-4257-A776-D23C4F77F493}
		{1E3DA8AA-5B23-42DF-ABCF-399A97D91EB5} = {F15974F8-2D93-4257-A776-D23C4F77F493}
		{374EDF1B-EB62-4B02-9515-9A4C09DFBF39} = {C9804F9F-9554-43E8-AB4B-C79061934EE0}
		{F976D3D4-A2E4-4A69-B0EE-4E6D8880F49D} = {F15974F8-2D93-4257-A776-D23C4F77F493}
		{E16458F7-0E83-4999-BBA5-2BD42E04425E} = {C9804F9F-9554-43E8-AB4B-C79061934EE0}
	EndGlobalSection
	GlobalSection(ExtensibilityGlobals) = postSolution
		SolutionGuid = {E237098F-9BA2-47A9-B55C-33F40FD3D721}
	EndGlobalSection
EndGlobal
