
Microsoft Visual Studio Solution File, Format Version 11.00
# Visual Studio 2010
Project("{FAE04EC0-301F-11D3-BF4B-00C04F79EFBC}") = "FXCM", "FXCM\FXCM.csproj", "{701F0F07-856F-46A9-BF80-5044E583CE12}"
EndProject
Project("{FAE04EC0-301F-11D3-BF4B-00C04F79EFBC}") = "FXCM_Test", "FXCM_Test\FXCM_Test.csproj", "{997B49F7-CCC5-4645-A28D-1B5217D6717F}"
EndProject
Global
	GlobalSection(SolutionConfigurationPlatforms) = preSolution
		Debug|Any CPU = Debug|Any CPU
		Debug|Mixed Platforms = Debug|Mixed Platforms
		Debug|x86 = Debug|x86
		Release|Any CPU = Release|Any CPU
		Release|Mixed Platforms = Release|Mixed Platforms
		Release|x86 = Release|x86
	EndGlobalSection
	GlobalSection(ProjectConfigurationPlatforms) = postSolution
		{701F0F07-856F-46A9-BF80-5044E583CE12}.Debug|Any CPU.ActiveCfg = Debug|Any CPU
		{701F0F07-856F-46A9-BF80-5044E583CE12}.Debug|Any CPU.Build.0 = Debug|Any CPU
		{701F0F07-856F-46A9-BF80-5044E583CE12}.Debug|Mixed Platforms.ActiveCfg = Debug|Any CPU
		{701F0F07-856F-46A9-BF80-5044E583CE12}.Debug|Mixed Platforms.Build.0 = Debug|Any CPU
		{701F0F07-856F-46A9-BF80-5044E583CE12}.Debug|x86.ActiveCfg = Debug|Any CPU
		{701F0F07-856F-46A9-BF80-5044E583CE12}.Release|Any CPU.ActiveCfg = Release|Any CPU
		{701F0F07-856F-46A9-BF80-5044E583CE12}.Release|Any CPU.Build.0 = Release|Any CPU
		{701F0F07-856F-46A9-BF80-5044E583CE12}.Release|Mixed Platforms.ActiveCfg = Release|Any CPU
		{701F0F07-856F-46A9-BF80-5044E583CE12}.Release|Mixed Platforms.Build.0 = Release|Any CPU
		{701F0F07-856F-46A9-BF80-5044E583CE12}.Release|x86.ActiveCfg = Release|Any CPU
		{997B49F7-CCC5-4645-A28D-1B5217D6717F}.Debug|Any CPU.ActiveCfg = Debug|x86
		{997B49F7-CCC5-4645-A28D-1B5217D6717F}.Debug|Mixed Platforms.ActiveCfg = Debug|x86
		{997B49F7-CCC5-4645-A28D-1B5217D6717F}.Debug|Mixed Platforms.Build.0 = Debug|x86
		{997B49F7-CCC5-4645-A28D-1B5217D6717F}.Debug|x86.ActiveCfg = Debug|x86
		{997B49F7-CCC5-4645-A28D-1B5217D6717F}.Debug|x86.Build.0 = Debug|x86
		{997B49F7-CCC5-4645-A28D-1B5217D6717F}.Release|Any CPU.ActiveCfg = Release|x86
		{997B49F7-CCC5-4645-A28D-1B5217D6717F}.Release|Mixed Platforms.ActiveCfg = Release|x86
		{997B49F7-CCC5-4645-A28D-1B5217D6717F}.Release|Mixed Platforms.Build.0 = Release|x86
		{997B49F7-CCC5-4645-A28D-1B5217D6717F}.Release|x86.ActiveCfg = Release|x86
		{997B49F7-CCC5-4645-A28D-1B5217D6717F}.Release|x86.Build.0 = Release|x86
	EndGlobalSection
	GlobalSection(SolutionProperties) = preSolution
		HideSolutionNode = FALSE
	EndGlobalSection
EndGlobal
