
Microsoft Visual Studio Solution File, Format Version 12.00
# Visual Studio 2013
VisualStudioVersion = 12.0.21005.1
MinimumVisualStudioVersion = 10.0.40219.1
Project("{2150E333-8FDC-42A3-9474-1A3956D46DE8}") = "共通", "共通", "{6617D1C1-5E19-48B5-8C87-4A30077537F0}"
EndProject
Project("{FAE04EC0-301F-11D3-BF4B-00C04F79EFBC}") = "Common", "Common\Common.csproj", "{0248FBA3-E687-4618-8187-8284ED2307EB}"
EndProject
Project("{FAE04EC0-301F-11D3-BF4B-00C04F79EFBC}") = "定数", "定数\定数.csproj", "{381E37A9-B55C-4B6A-8465-0411963CBD59}"
EndProject
Project("{FAE04EC0-301F-11D3-BF4B-00C04F79EFBC}") = "共通Data", "共通Data\共通Data.csproj", "{F9A21FE1-D3B3-4559-A6AE-C41BE0FD855D}"
EndProject
Project("{2150E333-8FDC-42A3-9474-1A3956D46DE8}") = "DB", "DB", "{5A191182-C9F3-4CAD-9068-C391DB23938C}"
EndProject
Project("{FAE04EC0-301F-11D3-BF4B-00C04F79EFBC}") = "DB", "DB\DB.csproj", "{FB24D56F-034C-4158-A8E2-71DAE7E2810A}"
EndProject
Project("{2150E333-8FDC-42A3-9474-1A3956D46DE8}") = "FXAPI", "FXAPI", "{4FAB4253-D74D-4E36-91EC-803ADFA24DA9}"
EndProject
Project("{FAE04EC0-301F-11D3-BF4B-00C04F79EFBC}") = "DB_Maintenance", "DB_Maintenance\DB_Maintenance.csproj", "{1E3DA8AA-5B23-42DF-ABCF-399A97D91EB5}"
EndProject
Project("{2150E333-8FDC-42A3-9474-1A3956D46DE8}") = "FXCM", "FXCM", "{CC586B06-0F45-4E42-9FA7-B263BE4BE8EC}"
EndProject
Project("{2150E333-8FDC-42A3-9474-1A3956D46DE8}") = "OANDA", "OANDA", "{DA98A53C-0B7D-49A7-80EE-D306A6A9E95F}"
EndProject
Project("{FAE04EC0-301F-11D3-BF4B-00C04F79EFBC}") = "FXAPI共通", "FXAPI共通\FXAPI共通.csproj", "{0BBD8FF8-31F1-4C20-84D9-78A042367B3D}"
EndProject
Project("{FAE04EC0-301F-11D3-BF4B-00C04F79EFBC}") = "DB_FXCM", "DB_FXCM\DB_FXCM.csproj", "{833EA3F7-972C-4430-AE8D-1F4869230DA7}"
EndProject
Project("{FAE04EC0-301F-11D3-BF4B-00C04F79EFBC}") = "Maintenance_Form", "Maintenance_Form\Maintenance_Form.csproj", "{40EF46AD-ED02-4A5B-A3FF-130722A622B0}"
EndProject
Global
	GlobalSection(SolutionConfigurationPlatforms) = preSolution
		Debug|Any CPU = Debug|Any CPU
		Release|Any CPU = Release|Any CPU
	EndGlobalSection
	GlobalSection(ProjectConfigurationPlatforms) = postSolution
		{0248FBA3-E687-4618-8187-8284ED2307EB}.Debug|Any CPU.ActiveCfg = Debug|Any CPU
		{0248FBA3-E687-4618-8187-8284ED2307EB}.Debug|Any CPU.Build.0 = Debug|Any CPU
		{0248FBA3-E687-4618-8187-8284ED2307EB}.Release|Any CPU.ActiveCfg = Release|Any CPU
		{0248FBA3-E687-4618-8187-8284ED2307EB}.Release|Any CPU.Build.0 = Release|Any CPU
		{381E37A9-B55C-4B6A-8465-0411963CBD59}.Debug|Any CPU.ActiveCfg = Debug|Any CPU
		{381E37A9-B55C-4B6A-8465-0411963CBD59}.Debug|Any CPU.Build.0 = Debug|Any CPU
		{381E37A9-B55C-4B6A-8465-0411963CBD59}.Release|Any CPU.ActiveCfg = Release|Any CPU
		{381E37A9-B55C-4B6A-8465-0411963CBD59}.Release|Any CPU.Build.0 = Release|Any CPU
		{F9A21FE1-D3B3-4559-A6AE-C41BE0FD855D}.Debug|Any CPU.ActiveCfg = Debug|Any CPU
		{F9A21FE1-D3B3-4559-A6AE-C41BE0FD855D}.Debug|Any CPU.Build.0 = Debug|Any CPU
		{F9A21FE1-D3B3-4559-A6AE-C41BE0FD855D}.Release|Any CPU.ActiveCfg = Release|Any CPU
		{F9A21FE1-D3B3-4559-A6AE-C41BE0FD855D}.Release|Any CPU.Build.0 = Release|Any CPU
		{FB24D56F-034C-4158-A8E2-71DAE7E2810A}.Debug|Any CPU.ActiveCfg = Debug|Any CPU
		{FB24D56F-034C-4158-A8E2-71DAE7E2810A}.Debug|Any CPU.Build.0 = Debug|Any CPU
		{FB24D56F-034C-4158-A8E2-71DAE7E2810A}.Release|Any CPU.ActiveCfg = Release|Any CPU
		{FB24D56F-034C-4158-A8E2-71DAE7E2810A}.Release|Any CPU.Build.0 = Release|Any CPU
		{1E3DA8AA-5B23-42DF-ABCF-399A97D91EB5}.Debug|Any CPU.ActiveCfg = Debug|Any CPU
		{1E3DA8AA-5B23-42DF-ABCF-399A97D91EB5}.Debug|Any CPU.Build.0 = Debug|Any CPU
		{1E3DA8AA-5B23-42DF-ABCF-399A97D91EB5}.Release|Any CPU.ActiveCfg = Release|Any CPU
		{1E3DA8AA-5B23-42DF-ABCF-399A97D91EB5}.Release|Any CPU.Build.0 = Release|Any CPU
		{0BBD8FF8-31F1-4C20-84D9-78A042367B3D}.Debug|Any CPU.ActiveCfg = Debug|Any CPU
		{0BBD8FF8-31F1-4C20-84D9-78A042367B3D}.Debug|Any CPU.Build.0 = Debug|Any CPU
		{0BBD8FF8-31F1-4C20-84D9-78A042367B3D}.Release|Any CPU.ActiveCfg = Release|Any CPU
		{0BBD8FF8-31F1-4C20-84D9-78A042367B3D}.Release|Any CPU.Build.0 = Release|Any CPU
		{833EA3F7-972C-4430-AE8D-1F4869230DA7}.Debug|Any CPU.ActiveCfg = Debug|Any CPU
		{833EA3F7-972C-4430-AE8D-1F4869230DA7}.Debug|Any CPU.Build.0 = Debug|Any CPU
		{833EA3F7-972C-4430-AE8D-1F4869230DA7}.Release|Any CPU.ActiveCfg = Release|Any CPU
		{833EA3F7-972C-4430-AE8D-1F4869230DA7}.Release|Any CPU.Build.0 = Release|Any CPU
		{40EF46AD-ED02-4A5B-A3FF-130722A622B0}.Debug|Any CPU.ActiveCfg = Debug|Any CPU
		{40EF46AD-ED02-4A5B-A3FF-130722A622B0}.Debug|Any CPU.Build.0 = Debug|Any CPU
		{40EF46AD-ED02-4A5B-A3FF-130722A622B0}.Release|Any CPU.ActiveCfg = Release|Any CPU
		{40EF46AD-ED02-4A5B-A3FF-130722A622B0}.Release|Any CPU.Build.0 = Release|Any CPU
	EndGlobalSection
	GlobalSection(SolutionProperties) = preSolution
		HideSolutionNode = FALSE
	EndGlobalSection
	GlobalSection(NestedProjects) = preSolution
		{0248FBA3-E687-4618-8187-8284ED2307EB} = {6617D1C1-5E19-48B5-8C87-4A30077537F0}
		{381E37A9-B55C-4B6A-8465-0411963CBD59} = {6617D1C1-5E19-48B5-8C87-4A30077537F0}
		{F9A21FE1-D3B3-4559-A6AE-C41BE0FD855D} = {6617D1C1-5E19-48B5-8C87-4A30077537F0}
		{FB24D56F-034C-4158-A8E2-71DAE7E2810A} = {5A191182-C9F3-4CAD-9068-C391DB23938C}
		{1E3DA8AA-5B23-42DF-ABCF-399A97D91EB5} = {5A191182-C9F3-4CAD-9068-C391DB23938C}
		{833EA3F7-972C-4430-AE8D-1F4869230DA7} = {5A191182-C9F3-4CAD-9068-C391DB23938C}
		{CC586B06-0F45-4E42-9FA7-B263BE4BE8EC} = {4FAB4253-D74D-4E36-91EC-803ADFA24DA9}
		{DA98A53C-0B7D-49A7-80EE-D306A6A9E95F} = {4FAB4253-D74D-4E36-91EC-803ADFA24DA9}
		{0BBD8FF8-31F1-4C20-84D9-78A042367B3D} = {4FAB4253-D74D-4E36-91EC-803ADFA24DA9}
	EndGlobalSection
EndGlobal
